
Microsoft Visual Studio Solution File, Format Version 12.00
# Visual Studio 15
VisualStudioVersion = 15.0.27703.2026
MinimumVisualStudioVersion = 10.0.40219.1
Project("{FAE04EC0-301F-11D3-BF4B-00C04F79EFBC}") = "InstagramAppExercise.Android", "InstagramAppExercise\InstagramAppExercise.Android\InstagramAppExercise.Android.csproj", "{63245253-2B65-4829-ABFF-DC8DE8024BE2}"
EndProject
Project("{FAE04EC0-301F-11D3-BF4B-00C04F79EFBC}") = "InstagramAppExercise.iOS", "InstagramAppExercise\InstagramAppExercise.iOS\InstagramAppExercise.iOS.csproj", "{B6BD6EC8-E9CB-45AD-AE0E-E4D67C2788E5}"
EndProject
Project("{FAE04EC0-301F-11D3-BF4B-00C04F79EFBC}") = "InstagramAppExercise.UWP", "InstagramAppExercise\InstagramAppExercise.UWP\InstagramAppExercise.UWP.csproj", "{B28E78DB-88BD-4F0E-8291-59F1686AA28E}"
EndProject
Project("{D954291E-2A0B-460D-934E-DC6B0785DB48}") = "InstagramAppExercise", "InstagramAppExercise\InstagramAppExercise\InstagramAppExercise.shproj", "{0464C71B-CD41-4E22-9D94-E3DCCA405FD9}"
EndProject
Global
	GlobalSection(SharedMSBuildProjectFiles) = preSolution
		InstagramAppExercise\InstagramAppExercise\InstagramAppExercise.projitems*{0464c71b-cd41-4e22-9d94-e3dcca405fd9}*SharedItemsImports = 13
		InstagramAppExercise\InstagramAppExercise\InstagramAppExercise.projitems*{63245253-2b65-4829-abff-dc8de8024be2}*SharedItemsImports = 4
		InstagramAppExercise\InstagramAppExercise\InstagramAppExercise.projitems*{b28e78db-88bd-4f0e-8291-59f1686aa28e}*SharedItemsImports = 4
		InstagramAppExercise\InstagramAppExercise\InstagramAppExercise.projitems*{b6bd6ec8-e9cb-45ad-ae0e-e4d67c2788e5}*SharedItemsImports = 4
	EndGlobalSection
	GlobalSection(SolutionConfigurationPlatforms) = preSolution
		Ad-Hoc|Any CPU = Ad-Hoc|Any CPU
		Ad-Hoc|ARM = Ad-Hoc|ARM
		Ad-Hoc|iPhone = Ad-Hoc|iPhone
		Ad-Hoc|iPhoneSimulator = Ad-Hoc|iPhoneSimulator
		Ad-Hoc|x64 = Ad-Hoc|x64
		Ad-Hoc|x86 = Ad-Hoc|x86
		AppStore|Any CPU = AppStore|Any CPU
		AppStore|ARM = AppStore|ARM
		AppStore|iPhone = AppStore|iPhone
		AppStore|iPhoneSimulator = AppStore|iPhoneSimulator
		AppStore|x64 = AppStore|x64
		AppStore|x86 = AppStore|x86
		Debug|Any CPU = Debug|Any CPU
		Debug|ARM = Debug|ARM
		Debug|iPhone = Debug|iPhone
		Debug|iPhoneSimulator = Debug|iPhoneSimulator
		Debug|x64 = Debug|x64
		Debug|x86 = Debug|x86
		Release|Any CPU = Release|Any CPU
		Release|ARM = Release|ARM
		Release|iPhone = Release|iPhone
		Release|iPhoneSimulator = Release|iPhoneSimulator
		Release|x64 = Release|x64
		Release|x86 = Release|x86
	EndGlobalSection
	GlobalSection(ProjectConfigurationPlatforms) = postSolution
		{63245253-2B65-4829-ABFF-DC8DE8024BE2}.Ad-Hoc|Any CPU.ActiveCfg = Release|Any CPU
		{63245253-2B65-4829-ABFF-DC8DE8024BE2}.Ad-Hoc|Any CPU.Build.0 = Release|Any CPU
		{63245253-2B65-4829-ABFF-DC8DE8024BE2}.Ad-Hoc|Any CPU.Deploy.0 = Release|Any CPU
		{63245253-2B65-4829-ABFF-DC8DE8024BE2}.Ad-Hoc|ARM.ActiveCfg = Release|Any CPU
		{63245253-2B65-4829-ABFF-DC8DE8024BE2}.Ad-Hoc|ARM.Build.0 = Release|Any CPU
		{63245253-2B65-4829-ABFF-DC8DE8024BE2}.Ad-Hoc|ARM.Deploy.0 = Release|Any CPU
		{63245253-2B65-4829-ABFF-DC8DE8024BE2}.Ad-Hoc|iPhone.ActiveCfg = Release|Any CPU
		{63245253-2B65-4829-ABFF-DC8DE8024BE2}.Ad-Hoc|iPhone.Build.0 = Release|Any CPU
		{63245253-2B65-4829-ABFF-DC8DE8024BE2}.Ad-Hoc|iPhone.Deploy.0 = Release|Any CPU
		{63245253-2B65-4829-ABFF-DC8DE8024BE2}.Ad-Hoc|iPhoneSimulator.ActiveCfg = Release|Any CPU
		{63245253-2B65-4829-ABFF-DC8DE8024BE2}.Ad-Hoc|iPhoneSimulator.Build.0 = Release|Any CPU
		{63245253-2B65-4829-ABFF-DC8DE8024BE2}.Ad-Hoc|iPhoneSimulator.Deploy.0 = Release|Any CPU
		{63245253-2B65-4829-ABFF-DC8DE8024BE2}.Ad-Hoc|x64.ActiveCfg = Release|Any CPU
		{63245253-2B65-4829-ABFF-DC8DE8024BE2}.Ad-Hoc|x64.Build.0 = Release|Any CPU
		{63245253-2B65-4829-ABFF-DC8DE8024BE2}.Ad-Hoc|x64.Deploy.0 = Release|Any CPU
		{63245253-2B65-4829-ABFF-DC8DE8024BE2}.Ad-Hoc|x86.ActiveCfg = Release|Any CPU
		{63245253-2B65-4829-ABFF-DC8DE8024BE2}.Ad-Hoc|x86.Build.0 = Release|Any CPU
		{63245253-2B65-4829-ABFF-DC8DE8024BE2}.Ad-Hoc|x86.Deploy.0 = Release|Any CPU
		{63245253-2B65-4829-ABFF-DC8DE8024BE2}.AppStore|Any CPU.ActiveCfg = Release|Any CPU
		{63245253-2B65-4829-ABFF-DC8DE8024BE2}.AppStore|Any CPU.Build.0 = Release|Any CPU
		{63245253-2B65-4829-ABFF-DC8DE8024BE2}.AppStore|Any CPU.Deploy.0 = Release|Any CPU
		{63245253-2B65-4829-ABFF-DC8DE8024BE2}.AppStore|ARM.ActiveCfg = Release|Any CPU
		{63245253-2B65-4829-ABFF-DC8DE8024BE2}.AppStore|ARM.Build.0 = Release|Any CPU
		{63245253-2B65-4829-ABFF-DC8DE8024BE2}.AppStore|ARM.Deploy.0 = Release|Any CPU
		{63245253-2B65-4829-ABFF-DC8DE8024BE2}.AppStore|iPhone.ActiveCfg = Release|Any CPU
		{63245253-2B65-4829-ABFF-DC8DE8024BE2}.AppStore|iPhone.Build.0 = Release|Any CPU
		{63245253-2B65-4829-ABFF-DC8DE8024BE2}.AppStore|iPhone.Deploy.0 = Release|Any CPU
		{63245253-2B65-4829-ABFF-DC8DE8024BE2}.AppStore|iPhoneSimulator.ActiveCfg = Release|Any CPU
		{63245253-2B65-4829-ABFF-DC8DE8024BE2}.AppStore|iPhoneSimulator.Build.0 = Release|Any CPU
		{63245253-2B65-4829-ABFF-DC8DE8024BE2}.AppStore|iPhoneSimulator.Deploy.0 = Release|Any CPU
		{63245253-2B65-4829-ABFF-DC8DE8024BE2}.AppStore|x64.ActiveCfg = Release|Any CPU
		{63245253-2B65-4829-ABFF-DC8DE8024BE2}.AppStore|x64.Build.0 = Release|Any CPU
		{63245253-2B65-4829-ABFF-DC8DE8024BE2}.AppStore|x64.Deploy.0 = Release|Any CPU
		{63245253-2B65-4829-ABFF-DC8DE8024BE2}.AppStore|x86.ActiveCfg = Release|Any CPU
		{63245253-2B65-4829-ABFF-DC8DE8024BE2}.AppStore|x86.Build.0 = Release|Any CPU
		{63245253-2B65-4829-ABFF-DC8DE8024BE2}.AppStore|x86.Deploy.0 = Release|Any CPU
		{63245253-2B65-4829-ABFF-DC8DE8024BE2}.Debug|Any CPU.ActiveCfg = Debug|Any CPU
		{63245253-2B65-4829-ABFF-DC8DE8024BE2}.Debug|Any CPU.Build.0 = Debug|Any CPU
		{63245253-2B65-4829-ABFF-DC8DE8024BE2}.Debug|Any CPU.Deploy.0 = Debug|Any CPU
		{63245253-2B65-4829-ABFF-DC8DE8024BE2}.Debug|ARM.ActiveCfg = Debug|Any CPU
		{63245253-2B65-4829-ABFF-DC8DE8024BE2}.Debug|ARM.Build.0 = Debug|Any CPU
		{63245253-2B65-4829-ABFF-DC8DE8024BE2}.Debug|ARM.Deploy.0 = Debug|Any CPU
		{63245253-2B65-4829-ABFF-DC8DE8024BE2}.Debug|iPhone.ActiveCfg = Debug|Any CPU
		{63245253-2B65-4829-ABFF-DC8DE8024BE2}.Debug|iPhone.Build.0 = Debug|Any CPU
		{63245253-2B65-4829-ABFF-DC8DE8024BE2}.Debug|iPhone.Deploy.0 = Debug|Any CPU
		{63245253-2B65-4829-ABFF-DC8DE8024BE2}.Debug|iPhoneSimulator.ActiveCfg = Debug|Any CPU
		{63245253-2B65-4829-ABFF-DC8DE8024BE2}.Debug|iPhoneSimulator.Build.0 = Debug|Any CPU
		{63245253-2B65-4829-ABFF-DC8DE8024BE2}.Debug|iPhoneSimulator.Deploy.0 = Debug|Any CPU
		{63245253-2B65-4829-ABFF-DC8DE8024BE2}.Debug|x64.ActiveCfg = Debug|Any CPU
		{63245253-2B65-4829-ABFF-DC8DE8024BE2}.Debug|x64.Build.0 = Debug|Any CPU
		{63245253-2B65-4829-ABFF-DC8DE8024BE2}.Debug|x64.Deploy.0 = Debug|Any CPU
		{63245253-2B65-4829-ABFF-DC8DE8024BE2}.Debug|x86.ActiveCfg = Debug|Any CPU
		{63245253-2B65-4829-ABFF-DC8DE8024BE2}.Debug|x86.Build.0 = Debug|Any CPU
		{63245253-2B65-4829-ABFF-DC8DE8024BE2}.Debug|x86.Deploy.0 = Debug|Any CPU
		{63245253-2B65-4829-ABFF-DC8DE8024BE2}.Release|Any CPU.ActiveCfg = Release|Any CPU
		{63245253-2B65-4829-ABFF-DC8DE8024BE2}.Release|Any CPU.Build.0 = Release|Any CPU
		{63245253-2B65-4829-ABFF-DC8DE8024BE2}.Release|Any CPU.Deploy.0 = Release|Any CPU
		{63245253-2B65-4829-ABFF-DC8DE8024BE2}.Release|ARM.ActiveCfg = Release|Any CPU
		{63245253-2B65-4829-ABFF-DC8DE8024BE2}.Release|ARM.Build.0 = Release|Any CPU
		{63245253-2B65-4829-ABFF-DC8DE8024BE2}.Release|ARM.Deploy.0 = Release|Any CPU
		{63245253-2B65-4829-ABFF-DC8DE8024BE2}.Release|iPhone.ActiveCfg = Release|Any CPU
		{63245253-2B65-4829-ABFF-DC8DE8024BE2}.Release|iPhone.Build.0 = Release|Any CPU
		{63245253-2B65-4829-ABFF-DC8DE8024BE2}.Release|iPhone.Deploy.0 = Release|Any CPU
		{63245253-2B65-4829-ABFF-DC8DE8024BE2}.Release|iPhoneSimulator.ActiveCfg = Release|Any CPU
		{63245253-2B65-4829-ABFF-DC8DE8024BE2}.Release|iPhoneSimulator.Build.0 = Release|Any CPU
		{63245253-2B65-4829-ABFF-DC8DE8024BE2}.Release|iPhoneSimulator.Deploy.0 = Release|Any CPU
		{63245253-2B65-4829-ABFF-DC8DE8024BE2}.Release|x64.ActiveCfg = Release|Any CPU
		{63245253-2B65-4829-ABFF-DC8DE8024BE2}.Release|x64.Build.0 = Release|Any CPU
		{63245253-2B65-4829-ABFF-DC8DE8024BE2}.Release|x64.Deploy.0 = Release|Any CPU
		{63245253-2B65-4829-ABFF-DC8DE8024BE2}.Release|x86.ActiveCfg = Release|Any CPU
		{63245253-2B65-4829-ABFF-DC8DE8024BE2}.Release|x86.Build.0 = Release|Any CPU
		{63245253-2B65-4829-ABFF-DC8DE8024BE2}.Release|x86.Deploy.0 = Release|Any CPU
		{B6BD6EC8-E9CB-45AD-AE0E-E4D67C2788E5}.Ad-Hoc|Any CPU.ActiveCfg = Ad-Hoc|iPhone
		{B6BD6EC8-E9CB-45AD-AE0E-E4D67C2788E5}.Ad-Hoc|Any CPU.Build.0 = Ad-Hoc|iPhone
		{B6BD6EC8-E9CB-45AD-AE0E-E4D67C2788E5}.Ad-Hoc|Any CPU.Deploy.0 = Ad-Hoc|iPhone
		{B6BD6EC8-E9CB-45AD-AE0E-E4D67C2788E5}.Ad-Hoc|ARM.ActiveCfg = Ad-Hoc|iPhone
		{B6BD6EC8-E9CB-45AD-AE0E-E4D67C2788E5}.Ad-Hoc|ARM.Build.0 = Ad-Hoc|iPhone
		{B6BD6EC8-E9CB-45AD-AE0E-E4D67C2788E5}.Ad-Hoc|ARM.Deploy.0 = Ad-Hoc|iPhone
		{B6BD6EC8-E9CB-45AD-AE0E-E4D67C2788E5}.Ad-Hoc|iPhone.ActiveCfg = Ad-Hoc|iPhone
		{B6BD6EC8-E9CB-45AD-AE0E-E4D67C2788E5}.Ad-Hoc|iPhone.Build.0 = Ad-Hoc|iPhone
		{B6BD6EC8-E9CB-45AD-AE0E-E4D67C2788E5}.Ad-Hoc|iPhone.Deploy.0 = Ad-Hoc|iPhone
		{B6BD6EC8-E9CB-45AD-AE0E-E4D67C2788E5}.Ad-Hoc|iPhoneSimulator.ActiveCfg = Ad-Hoc|iPhoneSimulator
		{B6BD6EC8-E9CB-45AD-AE0E-E4D67C2788E5}.Ad-Hoc|iPhoneSimulator.Build.0 = Ad-Hoc|iPhoneSimulator
		{B6BD6EC8-E9CB-45AD-AE0E-E4D67C2788E5}.Ad-Hoc|iPhoneSimulator.Deploy.0 = Ad-Hoc|iPhoneSimulator
		{B6BD6EC8-E9CB-45AD-AE0E-E4D67C2788E5}.Ad-Hoc|x64.ActiveCfg = Ad-Hoc|iPhone
		{B6BD6EC8-E9CB-45AD-AE0E-E4D67C2788E5}.Ad-Hoc|x64.Build.0 = Ad-Hoc|iPhone
		{B6BD6EC8-E9CB-45AD-AE0E-E4D67C2788E5}.Ad-Hoc|x64.Deploy.0 = Ad-Hoc|iPhone
		{B6BD6EC8-E9CB-45AD-AE0E-E4D67C2788E5}.Ad-Hoc|x86.ActiveCfg = Ad-Hoc|iPhone
		{B6BD6EC8-E9CB-45AD-AE0E-E4D67C2788E5}.Ad-Hoc|x86.Build.0 = Ad-Hoc|iPhone
		{B6BD6EC8-E9CB-45AD-AE0E-E4D67C2788E5}.Ad-Hoc|x86.Deploy.0 = Ad-Hoc|iPhone
		{B6BD6EC8-E9CB-45AD-AE0E-E4D67C2788E5}.AppStore|Any CPU.ActiveCfg = AppStore|iPhone
		{B6BD6EC8-E9CB-45AD-AE0E-E4D67C2788E5}.AppStore|Any CPU.Build.0 = AppStore|iPhone
		{B6BD6EC8-E9CB-45AD-AE0E-E4D67C2788E5}.AppStore|Any CPU.Deploy.0 = AppStore|iPhone
		{B6BD6EC8-E9CB-45AD-AE0E-E4D67C2788E5}.AppStore|ARM.ActiveCfg = AppStore|iPhone
		{B6BD6EC8-E9CB-45AD-AE0E-E4D67C2788E5}.AppStore|ARM.Build.0 = AppStore|iPhone
		{B6BD6EC8-E9CB-45AD-AE0E-E4D67C2788E5}.AppStore|ARM.Deploy.0 = AppStore|iPhone
		{B6BD6EC8-E9CB-45AD-AE0E-E4D67C2788E5}.AppStore|iPhone.ActiveCfg = AppStore|iPhone
		{B6BD6EC8-E9CB-45AD-AE0E-E4D67C2788E5}.AppStore|iPhone.Build.0 = AppStore|iPhone
		{B6BD6EC8-E9CB-45AD-AE0E-E4D67C2788E5}.AppStore|iPhone.Deploy.0 = AppStore|iPhone
		{B6BD6EC8-E9CB-45AD-AE0E-E4D67C2788E5}.AppStore|iPhoneSimulator.ActiveCfg = AppStore|iPhoneSimulator
		{B6BD6EC8-E9CB-45AD-AE0E-E4D67C2788E5}.AppStore|iPhoneSimulator.Build.0 = AppStore|iPhoneSimulator
		{B6BD6EC8-E9CB-45AD-AE0E-E4D67C2788E5}.AppStore|iPhoneSimulator.Deploy.0 = AppStore|iPhoneSimulator
		{B6BD6EC8-E9CB-45AD-AE0E-E4D67C2788E5}.AppStore|x64.ActiveCfg = AppStore|iPhone
		{B6BD6EC8-E9CB-45AD-AE0E-E4D67C2788E5}.AppStore|x64.Build.0 = AppStore|iPhone
		{B6BD6EC8-E9CB-45AD-AE0E-E4D67C2788E5}.AppStore|x64.Deploy.0 = AppStore|iPhone
		{B6BD6EC8-E9CB-45AD-AE0E-E4D67C2788E5}.AppStore|x86.ActiveCfg = AppStore|iPhone
		{B6BD6EC8-E9CB-45AD-AE0E-E4D67C2788E5}.AppStore|x86.Build.0 = AppStore|iPhone
		{B6BD6EC8-E9CB-45AD-AE0E-E4D67C2788E5}.AppStore|x86.Deploy.0 = AppStore|iPhone
		{B6BD6EC8-E9CB-45AD-AE0E-E4D67C2788E5}.Debug|Any CPU.ActiveCfg = Debug|iPhoneSimulator
		{B6BD6EC8-E9CB-45AD-AE0E-E4D67C2788E5}.Debug|Any CPU.Build.0 = Debug|iPhoneSimulator
		{B6BD6EC8-E9CB-45AD-AE0E-E4D67C2788E5}.Debug|Any CPU.Deploy.0 = Debug|iPhoneSimulator
		{B6BD6EC8-E9CB-45AD-AE0E-E4D67C2788E5}.Debug|ARM.ActiveCfg = Debug|iPhone
		{B6BD6EC8-E9CB-45AD-AE0E-E4D67C2788E5}.Debug|ARM.Build.0 = Debug|iPhone
		{B6BD6EC8-E9CB-45AD-AE0E-E4D67C2788E5}.Debug|ARM.Deploy.0 = Debug|iPhone
		{B6BD6EC8-E9CB-45AD-AE0E-E4D67C2788E5}.Debug|iPhone.ActiveCfg = Debug|iPhone
		{B6BD6EC8-E9CB-45AD-AE0E-E4D67C2788E5}.Debug|iPhone.Build.0 = Debug|iPhone
		{B6BD6EC8-E9CB-45AD-AE0E-E4D67C2788E5}.Debug|iPhone.Deploy.0 = Debug|iPhone
		{B6BD6EC8-E9CB-45AD-AE0E-E4D67C2788E5}.Debug|iPhoneSimulator.ActiveCfg = Debug|iPhoneSimulator
		{B6BD6EC8-E9CB-45AD-AE0E-E4D67C2788E5}.Debug|iPhoneSimulator.Build.0 = Debug|iPhoneSimulator
		{B6BD6EC8-E9CB-45AD-AE0E-E4D67C2788E5}.Debug|iPhoneSimulator.Deploy.0 = Debug|iPhoneSimulator
		{B6BD6EC8-E9CB-45AD-AE0E-E4D67C2788E5}.Debug|x64.ActiveCfg = Debug|iPhone
		{B6BD6EC8-E9CB-45AD-AE0E-E4D67C2788E5}.Debug|x64.Build.0 = Debug|iPhone
		{B6BD6EC8-E9CB-45AD-AE0E-E4D67C2788E5}.Debug|x64.Deploy.0 = Debug|iPhone
		{B6BD6EC8-E9CB-45AD-AE0E-E4D67C2788E5}.Debug|x86.ActiveCfg = Debug|iPhone
		{B6BD6EC8-E9CB-45AD-AE0E-E4D67C2788E5}.Debug|x86.Build.0 = Debug|iPhone
		{B6BD6EC8-E9CB-45AD-AE0E-E4D67C2788E5}.Debug|x86.Deploy.0 = Debug|iPhone
		{B6BD6EC8-E9CB-45AD-AE0E-E4D67C2788E5}.Release|Any CPU.ActiveCfg = Release|iPhone
		{B6BD6EC8-E9CB-45AD-AE0E-E4D67C2788E5}.Release|Any CPU.Build.0 = Release|iPhone
		{B6BD6EC8-E9CB-45AD-AE0E-E4D67C2788E5}.Release|Any CPU.Deploy.0 = Release|iPhone
		{B6BD6EC8-E9CB-45AD-AE0E-E4D67C2788E5}.Release|ARM.ActiveCfg = Release|iPhone
		{B6BD6EC8-E9CB-45AD-AE0E-E4D67C2788E5}.Release|ARM.Build.0 = Release|iPhone
		{B6BD6EC8-E9CB-45AD-AE0E-E4D67C2788E5}.Release|ARM.Deploy.0 = Release|iPhone
		{B6BD6EC8-E9CB-45AD-AE0E-E4D67C2788E5}.Release|iPhone.ActiveCfg = Release|iPhone
		{B6BD6EC8-E9CB-45AD-AE0E-E4D67C2788E5}.Release|iPhone.Build.0 = Release|iPhone
		{B6BD6EC8-E9CB-45AD-AE0E-E4D67C2788E5}.Release|iPhone.Deploy.0 = Release|iPhone
		{B6BD6EC8-E9CB-45AD-AE0E-E4D67C2788E5}.Release|iPhoneSimulator.ActiveCfg = Release|iPhoneSimulator
		{B6BD6EC8-E9CB-45AD-AE0E-E4D67C2788E5}.Release|iPhoneSimulator.Build.0 = Release|iPhoneSimulator
		{B6BD6EC8-E9CB-45AD-AE0E-E4D67C2788E5}.Release|iPhoneSimulator.Deploy.0 = Release|iPhoneSimulator
		{B6BD6EC8-E9CB-45AD-AE0E-E4D67C2788E5}.Release|x64.ActiveCfg = Release|iPhone
		{B6BD6EC8-E9CB-45AD-AE0E-E4D67C2788E5}.Release|x64.Build.0 = Release|iPhone
		{B6BD6EC8-E9CB-45AD-AE0E-E4D67C2788E5}.Release|x64.Deploy.0 = Release|iPhone
		{B6BD6EC8-E9CB-45AD-AE0E-E4D67C2788E5}.Release|x86.ActiveCfg = Release|iPhone
		{B6BD6EC8-E9CB-45AD-AE0E-E4D67C2788E5}.Release|x86.Build.0 = Release|iPhone
		{B6BD6EC8-E9CB-45AD-AE0E-E4D67C2788E5}.Release|x86.Deploy.0 = Release|iPhone
		{B28E78DB-88BD-4F0E-8291-59F1686AA28E}.Ad-Hoc|Any CPU.ActiveCfg = Release|x86
		{B28E78DB-88BD-4F0E-8291-59F1686AA28E}.Ad-Hoc|Any CPU.Build.0 = Release|x86
		{B28E78DB-88BD-4F0E-8291-59F1686AA28E}.Ad-Hoc|Any CPU.Deploy.0 = Release|x86
		{B28E78DB-88BD-4F0E-8291-59F1686AA28E}.Ad-Hoc|ARM.ActiveCfg = Release|ARM
		{B28E78DB-88BD-4F0E-8291-59F1686AA28E}.Ad-Hoc|ARM.Build.0 = Release|ARM
		{B28E78DB-88BD-4F0E-8291-59F1686AA28E}.Ad-Hoc|ARM.Deploy.0 = Release|ARM
		{B28E78DB-88BD-4F0E-8291-59F1686AA28E}.Ad-Hoc|iPhone.ActiveCfg = Release|x86
		{B28E78DB-88BD-4F0E-8291-59F1686AA28E}.Ad-Hoc|iPhone.Build.0 = Release|x86
		{B28E78DB-88BD-4F0E-8291-59F1686AA28E}.Ad-Hoc|iPhone.Deploy.0 = Release|x86
		{B28E78DB-88BD-4F0E-8291-59F1686AA28E}.Ad-Hoc|iPhoneSimulator.ActiveCfg = Release|x86
		{B28E78DB-88BD-4F0E-8291-59F1686AA28E}.Ad-Hoc|iPhoneSimulator.Build.0 = Release|x86
		{B28E78DB-88BD-4F0E-8291-59F1686AA28E}.Ad-Hoc|iPhoneSimulator.Deploy.0 = Release|x86
		{B28E78DB-88BD-4F0E-8291-59F1686AA28E}.Ad-Hoc|x64.ActiveCfg = Release|x64
		{B28E78DB-88BD-4F0E-8291-59F1686AA28E}.Ad-Hoc|x64.Build.0 = Release|x64
		{B28E78DB-88BD-4F0E-8291-59F1686AA28E}.Ad-Hoc|x64.Deploy.0 = Release|x64
		{B28E78DB-88BD-4F0E-8291-59F1686AA28E}.Ad-Hoc|x86.ActiveCfg = Release|x86
		{B28E78DB-88BD-4F0E-8291-59F1686AA28E}.Ad-Hoc|x86.Build.0 = Release|x86
		{B28E78DB-88BD-4F0E-8291-59F1686AA28E}.Ad-Hoc|x86.Deploy.0 = Release|x86
		{B28E78DB-88BD-4F0E-8291-59F1686AA28E}.AppStore|Any CPU.ActiveCfg = Release|x86
		{B28E78DB-88BD-4F0E-8291-59F1686AA28E}.AppStore|Any CPU.Build.0 = Release|x86
		{B28E78DB-88BD-4F0E-8291-59F1686AA28E}.AppStore|Any CPU.Deploy.0 = Release|x86
		{B28E78DB-88BD-4F0E-8291-59F1686AA28E}.AppStore|ARM.ActiveCfg = Release|ARM
		{B28E78DB-88BD-4F0E-8291-59F1686AA28E}.AppStore|ARM.Build.0 = Release|ARM
		{B28E78DB-88BD-4F0E-8291-59F1686AA28E}.AppStore|ARM.Deploy.0 = Release|ARM
		{B28E78DB-88BD-4F0E-8291-59F1686AA28E}.AppStore|iPhone.ActiveCfg = Release|x86
		{B28E78DB-88BD-4F0E-8291-59F1686AA28E}.AppStore|iPhone.Build.0 = Release|x86
		{B28E78DB-88BD-4F0E-8291-59F1686AA28E}.AppStore|iPhone.Deploy.0 = Release|x86
		{B28E78DB-88BD-4F0E-8291-59F1686AA28E}.AppStore|iPhoneSimulator.ActiveCfg = Release|x86
		{B28E78DB-88BD-4F0E-8291-59F1686AA28E}.AppStore|iPhoneSimulator.Build.0 = Release|x86
		{B28E78DB-88BD-4F0E-8291-59F1686AA28E}.AppStore|iPhoneSimulator.Deploy.0 = Release|x86
		{B28E78DB-88BD-4F0E-8291-59F1686AA28E}.AppStore|x64.ActiveCfg = Release|x64
		{B28E78DB-88BD-4F0E-8291-59F1686AA28E}.AppStore|x64.Build.0 = Release|x64
		{B28E78DB-88BD-4F0E-8291-59F1686AA28E}.AppStore|x64.Deploy.0 = Release|x64
		{B28E78DB-88BD-4F0E-8291-59F1686AA28E}.AppStore|x86.ActiveCfg = Release|x86
		{B28E78DB-88BD-4F0E-8291-59F1686AA28E}.AppStore|x86.Build.0 = Release|x86
		{B28E78DB-88BD-4F0E-8291-59F1686AA28E}.AppStore|x86.Deploy.0 = Release|x86
		{B28E78DB-88BD-4F0E-8291-59F1686AA28E}.Debug|Any CPU.ActiveCfg = Debug|x86
		{B28E78DB-88BD-4F0E-8291-59F1686AA28E}.Debug|Any CPU.Build.0 = Debug|x86
		{B28E78DB-88BD-4F0E-8291-59F1686AA28E}.Debug|Any CPU.Deploy.0 = Debug|x86
		{B28E78DB-88BD-4F0E-8291-59F1686AA28E}.Debug|ARM.ActiveCfg = Debug|ARM
		{B28E78DB-88BD-4F0E-8291-59F1686AA28E}.Debug|ARM.Build.0 = Debug|ARM
		{B28E78DB-88BD-4F0E-8291-59F1686AA28E}.Debug|ARM.Deploy.0 = Debug|ARM
		{B28E78DB-88BD-4F0E-8291-59F1686AA28E}.Debug|iPhone.ActiveCfg = Debug|x86
		{B28E78DB-88BD-4F0E-8291-59F1686AA28E}.Debug|iPhone.Build.0 = Debug|x86
		{B28E78DB-88BD-4F0E-8291-59F1686AA28E}.Debug|iPhone.Deploy.0 = Debug|x86
		{B28E78DB-88BD-4F0E-8291-59F1686AA28E}.Debug|iPhoneSimulator.ActiveCfg = Debug|x86
		{B28E78DB-88BD-4F0E-8291-59F1686AA28E}.Debug|iPhoneSimulator.Build.0 = Debug|x86
		{B28E78DB-88BD-4F0E-8291-59F1686AA28E}.Debug|iPhoneSimulator.Deploy.0 = Debug|x86
		{B28E78DB-88BD-4F0E-8291-59F1686AA28E}.Debug|x64.ActiveCfg = Debug|x64
		{B28E78DB-88BD-4F0E-8291-59F1686AA28E}.Debug|x64.Build.0 = Debug|x64
		{B28E78DB-88BD-4F0E-8291-59F1686AA28E}.Debug|x64.Deploy.0 = Debug|x64
		{B28E78DB-88BD-4F0E-8291-59F1686AA28E}.Debug|x86.ActiveCfg = Debug|x86
		{B28E78DB-88BD-4F0E-8291-59F1686AA28E}.Debug|x86.Build.0 = Debug|x86
		{B28E78DB-88BD-4F0E-8291-59F1686AA28E}.Debug|x86.Deploy.0 = Debug|x86
		{B28E78DB-88BD-4F0E-8291-59F1686AA28E}.Release|Any CPU.ActiveCfg = Release|x86
		{B28E78DB-88BD-4F0E-8291-59F1686AA28E}.Release|Any CPU.Build.0 = Release|x86
		{B28E78DB-88BD-4F0E-8291-59F1686AA28E}.Release|Any CPU.Deploy.0 = Release|x86
		{B28E78DB-88BD-4F0E-8291-59F1686AA28E}.Release|ARM.ActiveCfg = Release|ARM
		{B28E78DB-88BD-4F0E-8291-59F1686AA28E}.Release|ARM.Build.0 = Release|ARM
		{B28E78DB-88BD-4F0E-8291-59F1686AA28E}.Release|ARM.Deploy.0 = Release|ARM
		{B28E78DB-88BD-4F0E-8291-59F1686AA28E}.Release|iPhone.ActiveCfg = Release|x86
		{B28E78DB-88BD-4F0E-8291-59F1686AA28E}.Release|iPhone.Build.0 = Release|x86
		{B28E78DB-88BD-4F0E-8291-59F1686AA28E}.Release|iPhone.Deploy.0 = Release|x86
		{B28E78DB-88BD-4F0E-8291-59F1686AA28E}.Release|iPhoneSimulator.ActiveCfg = Release|x86
		{B28E78DB-88BD-4F0E-8291-59F1686AA28E}.Release|iPhoneSimulator.Build.0 = Release|x86
		{B28E78DB-88BD-4F0E-8291-59F1686AA28E}.Release|iPhoneSimulator.Deploy.0 = Release|x86
		{B28E78DB-88BD-4F0E-8291-59F1686AA28E}.Release|x64.ActiveCfg = Release|x64
		{B28E78DB-88BD-4F0E-8291-59F1686AA28E}.Release|x64.Build.0 = Release|x64
		{B28E78DB-88BD-4F0E-8291-59F1686AA28E}.Release|x64.Deploy.0 = Release|x64
		{B28E78DB-88BD-4F0E-8291-59F1686AA28E}.Release|x86.ActiveCfg = Release|x86
		{B28E78DB-88BD-4F0E-8291-59F1686AA28E}.Release|x86.Build.0 = Release|x86
		{B28E78DB-88BD-4F0E-8291-59F1686AA28E}.Release|x86.Deploy.0 = Release|x86
	EndGlobalSection
	GlobalSection(SolutionProperties) = preSolution
		HideSolutionNode = FALSE
	EndGlobalSection
	GlobalSection(ExtensibilityGlobals) = postSolution
		SolutionGuid = {78082D7E-6D50-4944-8E3D-67E45243A4AA}
	EndGlobalSection
EndGlobal
